
Microsoft Visual Studio Solution File, Format Version 12.00
# Visual Studio Version 17
VisualStudioVersion = 17.8.34511.84
MinimumVisualStudioVersion = 10.0.40219.1
Project("{FAE04EC0-301F-11D3-BF4B-00C04F79EFBC}") = "CSharp032024", "CSharp032024\CSharp032024.csproj", "{EFAE403A-0BEC-405A-A9F1-A08713ED2B12}"
EndProject
Global
	GlobalSection(SolutionConfigurationPlatforms) = preSolution
		Debug|Any CPU = Debug|Any CPU
		Release|Any CPU = Release|Any CPU
	EndGlobalSection
	GlobalSection(ProjectConfigurationPlatforms) = postSolution
		{EFAE403A-0BEC-405A-A9F1-A08713ED2B12}.Debug|Any CPU.ActiveCfg = Debug|Any CPU
		{EFAE403A-0BEC-405A-A9F1-A08713ED2B12}.Debug|Any CPU.Build.0 = Debug|Any CPU
		{EFAE403A-0BEC-405A-A9F1-A08713ED2B12}.Release|Any CPU.ActiveCfg = Release|Any CPU
		{EFAE403A-0BEC-405A-A9F1-A08713ED2B12}.Release|Any CPU.Build.0 = Release|Any CPU
	EndGlobalSection
	GlobalSection(SolutionProperties) = preSolution
		HideSolutionNode = FALSE
	EndGlobalSection
	GlobalSection(ExtensibilityGlobals) = postSolution
		SolutionGuid = {4B5B938E-A765-4787-9ACE-C54A591DD7FC}
	EndGlobalSection
EndGlobal
